// !$*UTF8*$!
{
	archiveVersion = 1;
	classes = {
	};
	objectVersion = 50;
	objects = {

/* Begin PBXBuildFile section */
		BC28A72221005A42009591D1 /* setofont-ex.ttf in Resources */ = {isa = PBXBuildFile; fileRef = BC28A72021005A27009591D1 /* setofont-ex.ttf */; };
		BC28A72321005A45009591D1 /* setofont.ttf in Resources */ = {isa = PBXBuildFile; fileRef = BC28A72121005A27009591D1 /* setofont.ttf */; };
		BCE438A7210047850090015D /* AppDelegate.swift in Sources */ = {isa = PBXBuildFile; fileRef = BCE438A6210047850090015D /* AppDelegate.swift */; };
		BCE438A9210047850090015D /* ViewController.swift in Sources */ = {isa = PBXBuildFile; fileRef = BCE438A8210047850090015D /* ViewController.swift */; };
		BCE438AC210047850090015D /* Main.storyboard in Resources */ = {isa = PBXBuildFile; fileRef = BCE438AA210047850090015D /* Main.storyboard */; };
		BCE438AE2100478A0090015D /* Assets.xcassets in Resources */ = {isa = PBXBuildFile; fileRef = BCE438AD2100478A0090015D /* Assets.xcassets */; };
		BCE438B12100478A0090015D /* LaunchScreen.storyboard in Resources */ = {isa = PBXBuildFile; fileRef = BCE438AF2100478A0090015D /* LaunchScreen.storyboard */; };
/* End PBXBuildFile section */

/* Begin PBXFileReference section */
		BC28A72021005A27009591D1 /* setofont-ex.ttf */ = {isa = PBXFileReference; lastKnownFileType = file; path = "setofont-ex.ttf"; sourceTree = "<group>"; };
		BC28A72121005A27009591D1 /* setofont.ttf */ = {isa = PBXFileReference; lastKnownFileType = file; path = setofont.ttf; sourceTree = "<group>"; };
		BCE438A3210047850090015D /* ExpressLove.app */ = {isa = PBXFileReference; explicitFileType = wrapper.application; includeInIndex = 0; path = ExpressLove.app; sourceTree = BUILT_PRODUCTS_DIR; };
		BCE438A6210047850090015D /* AppDelegate.swift */ = {isa = PBXFileReference; lastKnownFileType = sourcecode.swift; path = AppDelegate.swift; sourceTree = "<group>"; };
		BCE438A8210047850090015D /* ViewController.swift */ = {isa = PBXFileReference; lastKnownFileType = sourcecode.swift; path = ViewController.swift; sourceTree = "<group>"; };
		BCE438AB210047850090015D /* Base */ = {isa = PBXFileReference; lastKnownFileType = file.storyboard; name = Base; path = Base.lproj/Main.storyboard; sourceTree = "<group>"; };
		BCE438AD2100478A0090015D /* Assets.xcassets */ = {isa = PBXFileReference; lastKnownFileType = folder.assetcatalog; path = Assets.xcassets; sourceTree = "<group>"; };
		BCE438B02100478A0090015D /* Base */ = {isa = PBXFileReference; lastKnownFileType = file.storyboard; name = Base; path = Base.lproj/LaunchScreen.storyboard; sourceTree = "<group>"; };
		BCE438B22100478A0090015D /* Info.plist */ = {isa = PBXFileReference; lastKnownFileType = text.plist.xml; path = Info.plist; sourceTree = "<group>"; };
/* End PBXFileReference section */

/* Begin PBXFrameworksBuildPhase section */
		BCE438A0210047850090015D /* Frameworks */ = {
			isa = PBXFrameworksBuildPhase;
			buildActionMask = 2147483647;
			files = (
			);
			runOnlyForDeploymentPostprocessing = 0;
		};
/* End PBXFrameworksBuildPhase section */

/* Begin PBXGroup section */
		BC28A71C21005802009591D1 /* Resources */ = {
			isa = PBXGroup;
			children = (
				BC28A71D2100580E009591D1 /* Fonts */,
			);
			path = Resources;
			sourceTree = "<group>";
		};
		BC28A71D2100580E009591D1 /* Fonts */ = {
			isa = PBXGroup;
			children = (
				BC28A72021005A27009591D1 /* setofont-ex.ttf */,
				BC28A72121005A27009591D1 /* setofont.ttf */,
			);
			path = Fonts;
			sourceTree = "<group>";
		};
		BCE4389A210047850090015D = {
			isa = PBXGroup;
			children = (
				BC28A71C21005802009591D1 /* Resources */,
				BCE438A5210047850090015D /* ExpressLove */,
				BCE438A4210047850090015D /* Products */,
			);
			sourceTree = "<group>";
		};
		BCE438A4210047850090015D /* Products */ = {
			isa = PBXGroup;
			children = (
				BCE438A3210047850090015D /* ExpressLove.app */,
			);
			name = Products;
			sourceTree = "<group>";
		};
		BCE438A5210047850090015D /* ExpressLove */ = {
			isa = PBXGroup;
			children = (
				BCE438A6210047850090015D /* AppDelegate.swift */,
				BCE438A8210047850090015D /* ViewController.swift */,
				BCE438AA210047850090015D /* Main.storyboard */,
				BCE438AD2100478A0090015D /* Assets.xcassets */,
				BCE438AF2100478A0090015D /* LaunchScreen.storyboard */,
				BCE438B22100478A0090015D /* Info.plist */,
			);
			path = ExpressLove;
			sourceTree = "<group>";
		};
/* End PBXGroup section */

/* Begin PBXNativeTarget section */
		BCE438A2210047850090015D /* ExpressLove */ = {
			isa = PBXNativeTarget;
			buildConfigurationList = BCE438B52100478A0090015D /* Build configuration list for PBXNativeTarget "ExpressLove" */;
			buildPhases = (
				BCE4389F210047850090015D /* Sources */,
				BCE438A0210047850090015D /* Frameworks */,
				BCE438A1210047850090015D /* Resources */,
			);
			buildRules = (
			);
			dependencies = (
			);
			name = ExpressLove;
			productName = ExpressLove;
			productReference = BCE438A3210047850090015D /* ExpressLove.app */;
			productType = "com.apple.product-type.application";
		};
/* End PBXNativeTarget section */

/* Begin PBXProject section */
		BCE4389B210047850090015D /* Project object */ = {
			isa = PBXProject;
			attributes = {
				LastSwiftUpdateCheck = 1000;
				LastUpgradeCheck = 1000;
				ORGANIZATIONNAME = junchoon;
				TargetAttributes = {
					BCE438A2210047850090015D = {
						CreatedOnToolsVersion = 10.0;
					};
				};
			};
			buildConfigurationList = BCE4389E210047850090015D /* Build configuration list for PBXProject "ExpressLove" */;
			compatibilityVersion = "Xcode 9.3";
			developmentRegion = en;
			hasScannedForEncodings = 0;
			knownRegions = (
				en,
				Base,
			);
			mainGroup = BCE4389A210047850090015D;
			productRefGroup = BCE438A4210047850090015D /* Products */;
			projectDirPath = "";
			projectRoot = "";
			targets = (
				BCE438A2210047850090015D /* ExpressLove */,
			);
		};
/* End PBXProject section */

/* Begin PBXResourcesBuildPhase section */
		BCE438A1210047850090015D /* Resources */ = {
			isa = PBXResourcesBuildPhase;
			buildActionMask = 2147483647;
			files = (
				BCE438B12100478A0090015D /* LaunchScreen.storyboard in Resources */,
				BC28A72321005A45009591D1 /* setofont.ttf in Resources */,
				BCE438AE2100478A0090015D /* Assets.xcassets in Resources */,
				BCE438AC210047850090015D /* Main.storyboard in Resources */,
				BC28A72221005A42009591D1 /* setofont-ex.ttf in Resources */,
			);
			runOnlyForDeploymentPostprocessing = 0;
		};
/* End PBXResourcesBuildPhase section */

/* Begin PBXSourcesBuildPhase section */
		BCE4389F210047850090015D /* Sources */ = {
			isa = PBXSourcesBuildPhase;
			buildActionMask = 2147483647;
			files = (
				BCE438A9210047850090015D /* ViewController.swift in Sources */,
				BCE438A7210047850090015D /* AppDelegate.swift in Sources */,
			);
			runOnlyForDeploymentPostprocessing = 0;
		};
/* End PBXSourcesBuildPhase section */

/* Begin PBXVariantGroup section */
		BCE438AA210047850090015D /* Main.storyboard */ = {
			isa = PBXVariantGroup;
			children = (
				BCE438AB210047850090015D /* Base */,
			);
			name = Main.storyboard;
			sourceTree = "<group>";
		};
		BCE438AF2100478A0090015D /* LaunchScreen.storyboard */ = {
			isa = PBXVariantGroup;
			children = (
				BCE438B02100478A0090015D /* Base */,
			);
			name = LaunchScreen.storyboard;
			sourceTree = "<group>";
		};
/* End PBXVariantGroup section */

/* Begin XCBuildConfiguration section */
		BCE438B32100478A0090015D /* Debug */ = {
			isa = XCBuildConfiguration;
			buildSettings = {
				ALWAYS_SEARCH_USER_PATHS = NO;
				CLANG_ANALYZER_NONNULL = YES;
				CLANG_ANALYZER_NUMBER_OBJECT_CONVERSION = YES_AGGRESSIVE;
				CLANG_CXX_LANGUAGE_STANDARD = "gnu++14";
				CLANG_CXX_LIBRARY = "libc++";
				CLANG_ENABLE_MODULES = YES;
				CLANG_ENABLE_OBJC_ARC = YES;
				CLANG_ENABLE_OBJC_WEAK = YES;
				CLANG_WARN_BLOCK_CAPTURE_AUTORELEASING = YES;
				CLANG_WARN_BOOL_CONVERSION = YES;
				CLANG_WARN_COMMA = YES;
				CLANG_WARN_CONSTANT_CONVERSION = YES;
				CLANG_WARN_DEPRECATED_OBJC_IMPLEMENTATIONS = YES;
				CLANG_WARN_DIRECT_OBJC_ISA_USAGE = YES_ERROR;
				CLANG_WARN_DOCUMENTATION_COMMENTS = YES;
				CLANG_WARN_EMPTY_BODY = YES;
				CLANG_WARN_ENUM_CONVERSION = YES;
				CLANG_WARN_INFINITE_RECURSION = YES;
				CLANG_WARN_INT_CONVERSION = YES;
				CLANG_WARN_NON_LITERAL_NULL_CONVERSION = YES;
				CLANG_WARN_OBJC_IMPLICIT_RETAIN_SELF = YES;
				CLANG_WARN_OBJC_LITERAL_CONVERSION = YES;
				CLANG_WARN_OBJC_ROOT_CLASS = YES_ERROR;
				CLANG_WARN_RANGE_LOOP_ANALYSIS = YES;
				CLANG_WARN_STRICT_PROTOTYPES = YES;
				CLANG_WARN_SUSPICIOUS_MOVE = YES;
				CLANG_WARN_UNGUARDED_AVAILABILITY = YES_AGGRESSIVE;
				CLANG_WARN_UNREACHABLE_CODE = YES;
				CLANG_WARN__DUPLICATE_METHOD_MATCH = YES;
				CODE_SIGN_IDENTITY = "iPhone Developer";
				COPY_PHASE_STRIP = NO;
				DEBUG_INFORMATION_FORMAT = dwarf;
				ENABLE_STRICT_OBJC_MSGSEND = YES;
				ENABLE_TESTABILITY = YES;
				GCC_C_LANGUAGE_STANDARD = gnu11;
				GCC_DYNAMIC_NO_PIC = NO;
				GCC_NO_COMMON_BLOCKS = YES;
				GCC_OPTIMIZATION_LEVEL = 0;
				GCC_PREPROCESSOR_DEFINITIONS = (
					"DEBUG=1",
					"$(inherited)",
				);
				GCC_WARN_64_TO_32_BIT_CONVERSION = YES;
				GCC_WARN_ABOUT_RETURN_TYPE = YES_ERROR;
				GCC_WARN_UNDECLARED_SELECTOR = YES;
				GCC_WARN_UNINITIALIZED_AUTOS = YES_AGGRESSIVE;
				GCC_WARN_UNUSED_FUNCTION = YES;
				GCC_WARN_UNUSED_VARIABLE = YES;
				IPHONEOS_DEPLOYMENT_TARGET = 12.0;
				MTL_ENABLE_DEBUG_INFO = INCLUDE_SOURCE;
				MTL_FAST_MATH = YES;
				ONLY_ACTIVE_ARCH = YES;
				SDKROOT = iphoneos;
				SWIFT_ACTIVE_COMPILATION_CONDITIONS = DEBUG;
				SWIFT_OPTIMIZATION_LEVEL = "-Onone";
			};
			name = Debug;
		};
		BCE438B42100478A0090015D /* Release */ = {
			isa = XCBuildConfiguration;
			buildSettings = {
				ALWAYS_SEARCH_USER_PATHS = NO;
				CLANG_ANALYZER_NONNULL = YES;
				CLANG_ANALYZER_NUMBER_OBJECT_CONVERSION = YES_AGGRESSIVE;
				CLANG_CXX_LANGUAGE_STANDARD = "gnu++14";
				CLANG_CXX_LIBRARY = "libc++";
				CLANG_ENABLE_MODULES = YES;
				CLANG_ENABLE_OBJC_ARC = YES;
				CLANG_ENABLE_OBJC_WEAK = YES;
				CLANG_WARN_BLOCK_CAPTURE_AUTORELEASING = YES;
				CLANG_WARN_BOOL_CONVERSION = YES;
				CLANG_WARN_COMMA = YES;
				CLANG_WARN_CONSTANT_CONVERSION = YES;
				CLANG_WARN_DEPRECATED_OBJC_IMPLEMENTATIONS = YES;
				CLANG_WARN_DIRECT_OBJC_ISA_USAGE = YES_ERROR;
				CLANG_WARN_DOCUMENTATION_COMMENTS = YES;
				CLANG_WARN_EMPTY_BODY = YES;
				CLANG_WARN_ENUM_CONVERSION = YES;
				CLANG_WARN_INFINITE_RECURSION = YES;
				CLANG_WARN_INT_CONVERSION = YES;
				CLANG_WARN_NON_LITERAL_NULL_CONVERSION = YES;
				CLANG_WARN_OBJC_IMPLICIT_RETAIN_SELF = YES;
				CLANG_WARN_OBJC_LITERAL_CONVERSION = YES;
				CLANG_WARN_OBJC_ROOT_CLASS = YES_ERROR;
				CLANG_WARN_RANGE_LOOP_ANALYSIS = YES;
				CLANG_WARN_STRICT_PROTOTYPES = YES;
				CLANG_WARN_SUSPICIOUS_MOVE = YES;
				CLANG_WARN_UNGUARDED_AVAILABILITY = YES_AGGRESSIVE;
				CLANG_WARN_UNREACHABLE_CODE = YES;
				CLANG_WARN__DUPLICATE_METHOD_MATCH = YES;
				CODE_SIGN_IDENTITY = "iPhone Developer";
				COPY_PHASE_STRIP = NO;
				DEBUG_INFORMATION_FORMAT = "dwarf-with-dsym";
				ENABLE_NS_ASSERTIONS = NO;
				ENABLE_STRICT_OBJC_MSGSEND = YES;
				GCC_C_LANGUAGE_STANDARD = gnu11;
				GCC_NO_COMMON_BLOCKS = YES;
				GCC_WARN_64_TO_32_BIT_CONVERSION = YES;
				GCC_WARN_ABOUT_RETURN_TYPE = YES_ERROR;
				GCC_WARN_UNDECLARED_SELECTOR = YES;
				GCC_WARN_UNINITIALIZED_AUTOS = YES_AGGRESSIVE;
				GCC_WARN_UNUSED_FUNCTION = YES;
				GCC_WARN_UNUSED_VARIABLE = YES;
				IPHONEOS_DEPLOYMENT_TARGET = 12.0;
				MTL_ENABLE_DEBUG_INFO = NO;
				MTL_FAST_MATH = YES;
				SDKROOT = iphoneos;
				SWIFT_COMPILATION_MODE = wholemodule;
				SWIFT_OPTIMIZATION_LEVEL = "-O";
				VALIDATE_PRODUCT = YES;
			};
			name = Release;
		};
		BCE438B62100478A0090015D /* Debug */ = {
			isa = XCBuildConfiguration;
			buildSettings = {
				ASSETCATALOG_COMPILER_APPICON_NAME = AppIcon;
				CODE_SIGN_STYLE = Automatic;
				DEVELOPMENT_TEAM = 4JJFAW825W;
				INFOPLIST_FILE = ExpressLove/Info.plist;
				LD_RUNPATH_SEARCH_PATHS = (
					"$(inherited)",
					"@executable_path/Frameworks",
				);
				PRODUCT_BUNDLE_IDENTIFIER = com.junchoon.ExpressLove;
				PRODUCT_NAME = "$(TARGET_NAME)";
				SWIFT_VERSION = 4.2;
				TARGETED_DEVICE_FAMILY = "1,2";
			};
			name = Debug;
		};
		BCE438B72100478A0090015D /* Release */ = {
			isa = XCBuildConfiguration;
			buildSettings = {
				ASSETCATALOG_COMPILER_APPICON_NAME = AppIcon;
				CODE_SIGN_STYLE = Automatic;
				DEVELOPMENT_TEAM = 4JJFAW825W;
				INFOPLIST_FILE = ExpressLove/Info.plist;
				LD_RUNPATH_SEARCH_PATHS = (
					"$(inherited)",
					"@executable_path/Frameworks",
				);
				PRODUCT_BUNDLE_IDENTIFIER = com.junchoon.ExpressLove;
				PRODUCT_NAME = "$(TARGET_NAME)";
				SWIFT_VERSION = 4.2;
				TARGETED_DEVICE_FAMILY = "1,2";
			};
			name = Release;
		};
/* End XCBuildConfiguration section */

/* Begin XCConfigurationList section */
		BCE4389E210047850090015D /* Build configuration list for PBXProject "ExpressLove" */ = {
			isa = XCConfigurationList;
			buildConfigurations = (
				BCE438B32100478A0090015D /* Debug */,
				BCE438B42100478A0090015D /* Release */,
			);
			defaultConfigurationIsVisible = 0;
			defaultConfigurationName = Release;
		};
		BCE438B52100478A0090015D /* Build configuration list for PBXNativeTarget "ExpressLove" */ = {
			isa = XCConfigurationList;
			buildConfigurations = (
				BCE438B62100478A0090015D /* Debug */,
				BCE438B72100478A0090015D /* Release */,
			);
			defaultConfigurationIsVisible = 0;
			defaultConfigurationName = Release;
		};
/* End XCConfigurationList section */
	};
	rootObject = BCE4389B210047850090015D /* Project object */;
}
